
Microsoft Visual Studio Solution File, Format Version 12.00
# Visual Studio Version 17
VisualStudioVersion = 17.12.35527.113 d17.12
MinimumVisualStudioVersion = 10.0.40219.1
Project("{FAE04EC0-301F-11D3-BF4B-00C04F79EFBC}") = "Web", "Web\Web.csproj", "{721F49DB-D573-4C76-8EE6-B830E6377DA5}"
EndProject
Project("{FAE04EC0-301F-11D3-BF4B-00C04F79EFBC}") = "Core.Database", "Core.Database\Core.Database.csproj", "{5F0874F6-D083-494D-A80B-D90720CA5F1C}"
EndProject
Global
	GlobalSection(SolutionConfigurationPlatforms) = preSolution
		Debug|Any CPU = Debug|Any CPU
		Release|Any CPU = Release|Any CPU
	EndGlobalSection
	GlobalSection(ProjectConfigurationPlatforms) = postSolution
		{721F49DB-D573-4C76-8EE6-B830E6377DA5}.Debug|Any CPU.ActiveCfg = Debug|Any CPU
		{721F49DB-D573-4C76-8EE6-B830E6377DA5}.Debug|Any CPU.Build.0 = Debug|Any CPU
		{721F49DB-D573-4C76-8EE6-B830E6377DA5}.Release|Any CPU.ActiveCfg = Release|Any CPU
		{721F49DB-D573-4C76-8EE6-B830E6377DA5}.Release|Any CPU.Build.0 = Release|Any CPU
		{5F0874F6-D083-494D-A80B-D90720CA5F1C}.Debug|Any CPU.ActiveCfg = Debug|Any CPU
		{5F0874F6-D083-494D-A80B-D90720CA5F1C}.Debug|Any CPU.Build.0 = Debug|Any CPU
		{5F0874F6-D083-494D-A80B-D90720CA5F1C}.Release|Any CPU.ActiveCfg = Release|Any CPU
		{5F0874F6-D083-494D-A80B-D90720CA5F1C}.Release|Any CPU.Build.0 = Release|Any CPU
	EndGlobalSection
	GlobalSection(SolutionProperties) = preSolution
		HideSolutionNode = FALSE
	EndGlobalSection
EndGlobal
